
Microsoft Visual Studio Solution File, Format Version 12.00
# Visual Studio Version 16
VisualStudioVersion = 16.0.31205.134
MinimumVisualStudioVersion = 10.0.40219.1
Project("{F184B08F-C81C-45F6-A57F-5ABD9991F28F}") = "echoFormsOverlay", "echoFormsOverlay.vbproj", "{07CD8DD1-16E3-4B1A-AD65-03CEE7633E98}"
EndProject
Global
	GlobalSection(SolutionConfigurationPlatforms) = preSolution
		Debug|Any CPU = Debug|Any CPU
		Release|Any CPU = Release|Any CPU
	EndGlobalSection
	GlobalSection(ProjectConfigurationPlatforms) = postSolution
		{07CD8DD1-16E3-4B1A-AD65-03CEE7633E98}.Debug|Any CPU.ActiveCfg = Debug|Any CPU
		{07CD8DD1-16E3-4B1A-AD65-03CEE7633E98}.Debug|Any CPU.Build.0 = Debug|Any CPU
		{07CD8DD1-16E3-4B1A-AD65-03CEE7633E98}.Release|Any CPU.ActiveCfg = Release|Any CPU
		{07CD8DD1-16E3-4B1A-AD65-03CEE7633E98}.Release|Any CPU.Build.0 = Release|Any CPU
	EndGlobalSection
	GlobalSection(SolutionProperties) = preSolution
		HideSolutionNode = FALSE
	EndGlobalSection
	GlobalSection(ExtensibilityGlobals) = postSolution
		SolutionGuid = {2AE92E77-F3FE-427F-8992-A382BFDA8762}
	EndGlobalSection
EndGlobal
